
Microsoft Visual Studio Solution File, Format Version 12.00
# Visual Studio Version 17
VisualStudioVersion = 17.14.36127.28 d17.14
MinimumVisualStudioVersion = 10.0.40219.1
Project("{FAE04EC0-301F-11D3-BF4B-00C04F79EFBC}") = "ExerciciosDeLogica", "ExerciciosDeLogica.csproj", "{9B257BA5-047C-48C9-AB8E-A56D56B41124}"
EndProject
Global
	GlobalSection(SolutionConfigurationPlatforms) = preSolution
		Debug|Any CPU = Debug|Any CPU
		Release|Any CPU = Release|Any CPU
	EndGlobalSection
	GlobalSection(ProjectConfigurationPlatforms) = postSolution
		{9B257BA5-047C-48C9-AB8E-A56D56B41124}.Debug|Any CPU.ActiveCfg = Debug|Any CPU
		{9B257BA5-047C-48C9-AB8E-A56D56B41124}.Debug|Any CPU.Build.0 = Debug|Any CPU
		{9B257BA5-047C-48C9-AB8E-A56D56B41124}.Release|Any CPU.ActiveCfg = Release|Any CPU
		{9B257BA5-047C-48C9-AB8E-A56D56B41124}.Release|Any CPU.Build.0 = Release|Any CPU
	EndGlobalSection
	GlobalSection(SolutionProperties) = preSolution
		HideSolutionNode = FALSE
	EndGlobalSection
	GlobalSection(ExtensibilityGlobals) = postSolution
		SolutionGuid = {A3102BB8-2D05-4C32-9136-B7DEEFD2852A}
	EndGlobalSection
EndGlobal
